// !$*UTF8*$!
{
	archiveVersion = 1;
	classes = {
	};
	objectVersion = 56;
	objects = {

/* Begin PBXBuildFile section */
		2D6013952B6E073D00380822 /* SwiftUIMapApp.swift in Sources */ = {isa = PBXBuildFile; fileRef = 2D6013942B6E073D00380822 /* SwiftUIMapApp.swift */; };
		2D6013992B6E073F00380822 /* Assets.xcassets in Resources */ = {isa = PBXBuildFile; fileRef = 2D6013982B6E073F00380822 /* Assets.xcassets */; };
		2D60139C2B6E073F00380822 /* Preview Assets.xcassets in Resources */ = {isa = PBXBuildFile; fileRef = 2D60139B2B6E073F00380822 /* Preview Assets.xcassets */; };
		2D6013A62B6E07A500380822 /* LocationView.swift in Sources */ = {isa = PBXBuildFile; fileRef = 2D6013A42B6E07A500380822 /* LocationView.swift */; };
		2D6013A72B6E07A500380822 /* LocationPreviewView.swift in Sources */ = {isa = PBXBuildFile; fileRef = 2D6013A52B6E07A500380822 /* LocationPreviewView.swift */; };
		2D6013A92B6E082100380822 /* LocationsDataService.swift in Sources */ = {isa = PBXBuildFile; fileRef = 2D6013A82B6E082100380822 /* LocationsDataService.swift */; };
		2D6013AD2B6E089500380822 /* Location.swift in Sources */ = {isa = PBXBuildFile; fileRef = 2D6013AC2B6E089500380822 /* Location.swift */; };
		2D6013B02B6E549000380822 /* LocationsViewModel.swift in Sources */ = {isa = PBXBuildFile; fileRef = 2D6013AF2B6E549000380822 /* LocationsViewModel.swift */; };
		2D6013B22B6E9F2400380822 /* LocationsListView.swift in Sources */ = {isa = PBXBuildFile; fileRef = 2D6013B12B6E9F2400380822 /* LocationsListView.swift */; };
		2D6013B42B6F421E00380822 /* LocationMapAnnotationView.swift in Sources */ = {isa = PBXBuildFile; fileRef = 2D6013B32B6F421E00380822 /* LocationMapAnnotationView.swift */; };
		2D6013B62B6F4C6C00380822 /* LocationDetailsView.swift in Sources */ = {isa = PBXBuildFile; fileRef = 2D6013B52B6F4C6C00380822 /* LocationDetailsView.swift */; };
/* End PBXBuildFile section */

/* Begin PBXFileReference section */
		2D6013912B6E073D00380822 /* SwiftUIMap.app */ = {isa = PBXFileReference; explicitFileType = wrapper.application; includeInIndex = 0; path = SwiftUIMap.app; sourceTree = BUILT_PRODUCTS_DIR; };
		2D6013942B6E073D00380822 /* SwiftUIMapApp.swift */ = {isa = PBXFileReference; lastKnownFileType = sourcecode.swift; path = SwiftUIMapApp.swift; sourceTree = "<group>"; };
		2D6013982B6E073F00380822 /* Assets.xcassets */ = {isa = PBXFileReference; lastKnownFileType = folder.assetcatalog; path = Assets.xcassets; sourceTree = "<group>"; };
		2D60139B2B6E073F00380822 /* Preview Assets.xcassets */ = {isa = PBXFileReference; lastKnownFileType = folder.assetcatalog; path = "Preview Assets.xcassets"; sourceTree = "<group>"; };
		2D6013A42B6E07A500380822 /* LocationView.swift */ = {isa = PBXFileReference; fileEncoding = 4; lastKnownFileType = sourcecode.swift; path = LocationView.swift; sourceTree = "<group>"; };
		2D6013A52B6E07A500380822 /* LocationPreviewView.swift */ = {isa = PBXFileReference; fileEncoding = 4; lastKnownFileType = sourcecode.swift; path = LocationPreviewView.swift; sourceTree = "<group>"; };
		2D6013A82B6E082100380822 /* LocationsDataService.swift */ = {isa = PBXFileReference; fileEncoding = 4; lastKnownFileType = sourcecode.swift; path = LocationsDataService.swift; sourceTree = "<group>"; };
		2D6013AC2B6E089500380822 /* Location.swift */ = {isa = PBXFileReference; lastKnownFileType = sourcecode.swift; path = Location.swift; sourceTree = "<group>"; };
		2D6013AF2B6E549000380822 /* LocationsViewModel.swift */ = {isa = PBXFileReference; lastKnownFileType = sourcecode.swift; path = LocationsViewModel.swift; sourceTree = "<group>"; };
		2D6013B12B6E9F2400380822 /* LocationsListView.swift */ = {isa = PBXFileReference; lastKnownFileType = sourcecode.swift; path = LocationsListView.swift; sourceTree = "<group>"; };
		2D6013B32B6F421E00380822 /* LocationMapAnnotationView.swift */ = {isa = PBXFileReference; lastKnownFileType = sourcecode.swift; path = LocationMapAnnotationView.swift; sourceTree = "<group>"; };
		2D6013B52B6F4C6C00380822 /* LocationDetailsView.swift */ = {isa = PBXFileReference; lastKnownFileType = sourcecode.swift; path = LocationDetailsView.swift; sourceTree = "<group>"; };
		2D6013B72B70A87100380822 /* Info.plist */ = {isa = PBXFileReference; lastKnownFileType = text.plist; path = Info.plist; sourceTree = "<group>"; };
/* End PBXFileReference section */

/* Begin PBXFrameworksBuildPhase section */
		2D60138E2B6E073D00380822 /* Frameworks */ = {
			isa = PBXFrameworksBuildPhase;
			buildActionMask = 2147483647;
			files = (
			);
			runOnlyForDeploymentPostprocessing = 0;
		};
/* End PBXFrameworksBuildPhase section */

/* Begin PBXGroup section */
		2D6013882B6E073D00380822 = {
			isa = PBXGroup;
			children = (
				2D6013932B6E073D00380822 /* SwiftUIMap */,
				2D6013922B6E073D00380822 /* Products */,
			);
			sourceTree = "<group>";
		};
		2D6013922B6E073D00380822 /* Products */ = {
			isa = PBXGroup;
			children = (
				2D6013912B6E073D00380822 /* SwiftUIMap.app */,
			);
			name = Products;
			sourceTree = "<group>";
		};
		2D6013932B6E073D00380822 /* SwiftUIMap */ = {
			isa = PBXGroup;
			children = (
				2D6013B72B70A87100380822 /* Info.plist */,
				2D6013A22B6E07A500380822 /* Map */,
				2D6013942B6E073D00380822 /* SwiftUIMapApp.swift */,
				2D6013982B6E073F00380822 /* Assets.xcassets */,
				2D60139A2B6E073F00380822 /* Preview Content */,
			);
			path = SwiftUIMap;
			sourceTree = "<group>";
		};
		2D60139A2B6E073F00380822 /* Preview Content */ = {
			isa = PBXGroup;
			children = (
				2D60139B2B6E073F00380822 /* Preview Assets.xcassets */,
			);
			path = "Preview Content";
			sourceTree = "<group>";
		};
		2D6013A22B6E07A500380822 /* Map */ = {
			isa = PBXGroup;
			children = (
				2D6013AA2B6E086100380822 /* DataServices */,
				2D6013A32B6E07A500380822 /* Views */,
				2D6013AE2B6E546600380822 /* ViewModels */,
				2D6013AB2B6E088600380822 /* Models */,
			);
			path = Map;
			sourceTree = "<group>";
		};
		2D6013A32B6E07A500380822 /* Views */ = {
			isa = PBXGroup;
			children = (
				2D6013A42B6E07A500380822 /* LocationView.swift */,
				2D6013A52B6E07A500380822 /* LocationPreviewView.swift */,
				2D6013B12B6E9F2400380822 /* LocationsListView.swift */,
				2D6013B32B6F421E00380822 /* LocationMapAnnotationView.swift */,
				2D6013B52B6F4C6C00380822 /* LocationDetailsView.swift */,
			);
			path = Views;
			sourceTree = "<group>";
		};
		2D6013AA2B6E086100380822 /* DataServices */ = {
			isa = PBXGroup;
			children = (
				2D6013A82B6E082100380822 /* LocationsDataService.swift */,
			);
			path = DataServices;
			sourceTree = "<group>";
		};
		2D6013AB2B6E088600380822 /* Models */ = {
			isa = PBXGroup;
			children = (
				2D6013AC2B6E089500380822 /* Location.swift */,
			);
			path = Models;
			sourceTree = "<group>";
		};
		2D6013AE2B6E546600380822 /* ViewModels */ = {
			isa = PBXGroup;
			children = (
				2D6013AF2B6E549000380822 /* LocationsViewModel.swift */,
			);
			path = ViewModels;
			sourceTree = "<group>";
		};
/* End PBXGroup section */

/* Begin PBXNativeTarget section */
		2D6013902B6E073D00380822 /* SwiftUIMap */ = {
			isa = PBXNativeTarget;
			buildConfigurationList = 2D60139F2B6E073F00380822 /* Build configuration list for PBXNativeTarget "SwiftUIMap" */;
			buildPhases = (
				2D60138D2B6E073D00380822 /* Sources */,
				2D60138E2B6E073D00380822 /* Frameworks */,
				2D60138F2B6E073D00380822 /* Resources */,
			);
			buildRules = (
			);
			dependencies = (
			);
			name = SwiftUIMap;
			productName = SwiftUIMap;
			productReference = 2D6013912B6E073D00380822 /* SwiftUIMap.app */;
			productType = "com.apple.product-type.application";
		};
/* End PBXNativeTarget section */

/* Begin PBXProject section */
		2D6013892B6E073D00380822 /* Project object */ = {
			isa = PBXProject;
			attributes = {
				BuildIndependentTargetsInParallel = 1;
				LastSwiftUpdateCheck = 1520;
				LastUpgradeCheck = 1520;
				TargetAttributes = {
					2D6013902B6E073D00380822 = {
						CreatedOnToolsVersion = 15.2;
					};
				};
			};
			buildConfigurationList = 2D60138C2B6E073D00380822 /* Build configuration list for PBXProject "SwiftUIMap" */;
			compatibilityVersion = "Xcode 14.0";
			developmentRegion = en;
			hasScannedForEncodings = 0;
			knownRegions = (
				en,
				Base,
			);
			mainGroup = 2D6013882B6E073D00380822;
			productRefGroup = 2D6013922B6E073D00380822 /* Products */;
			projectDirPath = "";
			projectRoot = "";
			targets = (
				2D6013902B6E073D00380822 /* SwiftUIMap */,
			);
		};
/* End PBXProject section */

/* Begin PBXResourcesBuildPhase section */
		2D60138F2B6E073D00380822 /* Resources */ = {
			isa = PBXResourcesBuildPhase;
			buildActionMask = 2147483647;
			files = (
				2D60139C2B6E073F00380822 /* Preview Assets.xcassets in Resources */,
				2D6013992B6E073F00380822 /* Assets.xcassets in Resources */,
			);
			runOnlyForDeploymentPostprocessing = 0;
		};
/* End PBXResourcesBuildPhase section */

/* Begin PBXSourcesBuildPhase section */
		2D60138D2B6E073D00380822 /* Sources */ = {
			isa = PBXSourcesBuildPhase;
			buildActionMask = 2147483647;
			files = (
				2D6013A92B6E082100380822 /* LocationsDataService.swift in Sources */,
				2D6013B22B6E9F2400380822 /* LocationsListView.swift in Sources */,
				2D6013B02B6E549000380822 /* LocationsViewModel.swift in Sources */,
				2D6013A62B6E07A500380822 /* LocationView.swift in Sources */,
				2D6013B62B6F4C6C00380822 /* LocationDetailsView.swift in Sources */,
				2D6013AD2B6E089500380822 /* Location.swift in Sources */,
				2D6013A72B6E07A500380822 /* LocationPreviewView.swift in Sources */,
				2D6013952B6E073D00380822 /* SwiftUIMapApp.swift in Sources */,
				2D6013B42B6F421E00380822 /* LocationMapAnnotationView.swift in Sources */,
			);
			runOnlyForDeploymentPostprocessing = 0;
		};
/* End PBXSourcesBuildPhase section */

/* Begin XCBuildConfiguration section */
		2D60139D2B6E073F00380822 /* Debug */ = {
			isa = XCBuildConfiguration;
			buildSettings = {
				ALWAYS_SEARCH_USER_PATHS = NO;
				ASSETCATALOG_COMPILER_GENERATE_SWIFT_ASSET_SYMBOL_EXTENSIONS = YES;
				CLANG_ANALYZER_NONNULL = YES;
				CLANG_ANALYZER_NUMBER_OBJECT_CONVERSION = YES_AGGRESSIVE;
				CLANG_CXX_LANGUAGE_STANDARD = "gnu++20";
				CLANG_ENABLE_MODULES = YES;
				CLANG_ENABLE_OBJC_ARC = YES;
				CLANG_ENABLE_OBJC_WEAK = YES;
				CLANG_WARN_BLOCK_CAPTURE_AUTORELEASING = YES;
				CLANG_WARN_BOOL_CONVERSION = YES;
				CLANG_WARN_COMMA = YES;
				CLANG_WARN_CONSTANT_CONVERSION = YES;
				CLANG_WARN_DEPRECATED_OBJC_IMPLEMENTATIONS = YES;
				CLANG_WARN_DIRECT_OBJC_ISA_USAGE = YES_ERROR;
				CLANG_WARN_DOCUMENTATION_COMMENTS = YES;
				CLANG_WARN_EMPTY_BODY = YES;
				CLANG_WARN_ENUM_CONVERSION = YES;
				CLANG_WARN_INFINITE_RECURSION = YES;
				CLANG_WARN_INT_CONVERSION = YES;
				CLANG_WARN_NON_LITERAL_NULL_CONVERSION = YES;
				CLANG_WARN_OBJC_IMPLICIT_RETAIN_SELF = YES;
				CLANG_WARN_OBJC_LITERAL_CONVERSION = YES;
				CLANG_WARN_OBJC_ROOT_CLASS = YES_ERROR;
				CLANG_WARN_QUOTED_INCLUDE_IN_FRAMEWORK_HEADER = YES;
				CLANG_WARN_RANGE_LOOP_ANALYSIS = YES;
				CLANG_WARN_STRICT_PROTOTYPES = YES;
				CLANG_WARN_SUSPICIOUS_MOVE = YES;
				CLANG_WARN_UNGUARDED_AVAILABILITY = YES_AGGRESSIVE;
				CLANG_WARN_UNREACHABLE_CODE = YES;
				CLANG_WARN__DUPLICATE_METHOD_MATCH = YES;
				COPY_PHASE_STRIP = NO;
				DEBUG_INFORMATION_FORMAT = dwarf;
				ENABLE_STRICT_OBJC_MSGSEND = YES;
				ENABLE_TESTABILITY = YES;
				ENABLE_USER_SCRIPT_SANDBOXING = YES;
				GCC_C_LANGUAGE_STANDARD = gnu17;
				GCC_DYNAMIC_NO_PIC = NO;
				GCC_NO_COMMON_BLOCKS = YES;
				GCC_OPTIMIZATION_LEVEL = 0;
				GCC_PREPROCESSOR_DEFINITIONS = (
					"DEBUG=1",
					"$(inherited)",
				);
				GCC_WARN_64_TO_32_BIT_CONVERSION = YES;
				GCC_WARN_ABOUT_RETURN_TYPE = YES_ERROR;
				GCC_WARN_UNDECLARED_SELECTOR = YES;
				GCC_WARN_UNINITIALIZED_AUTOS = YES_AGGRESSIVE;
				GCC_WARN_UNUSED_FUNCTION = YES;
				GCC_WARN_UNUSED_VARIABLE = YES;
				IPHONEOS_DEPLOYMENT_TARGET = 17.2;
				LOCALIZATION_PREFERS_STRING_CATALOGS = YES;
				MTL_ENABLE_DEBUG_INFO = INCLUDE_SOURCE;
				MTL_FAST_MATH = YES;
				ONLY_ACTIVE_ARCH = YES;
				SDKROOT = iphoneos;
				SWIFT_ACTIVE_COMPILATION_CONDITIONS = "DEBUG $(inherited)";
				SWIFT_OPTIMIZATION_LEVEL = "-Onone";
			};
			name = Debug;
		};
		2D60139E2B6E073F00380822 /* Release */ = {
			isa = XCBuildConfiguration;
			buildSettings = {
				ALWAYS_SEARCH_USER_PATHS = NO;
				ASSETCATALOG_COMPILER_GENERATE_SWIFT_ASSET_SYMBOL_EXTENSIONS = YES;
				CLANG_ANALYZER_NONNULL = YES;
				CLANG_ANALYZER_NUMBER_OBJECT_CONVERSION = YES_AGGRESSIVE;
				CLANG_CXX_LANGUAGE_STANDARD = "gnu++20";
				CLANG_ENABLE_MODULES = YES;
				CLANG_ENABLE_OBJC_ARC = YES;
				CLANG_ENABLE_OBJC_WEAK = YES;
				CLANG_WARN_BLOCK_CAPTURE_AUTORELEASING = YES;
				CLANG_WARN_BOOL_CONVERSION = YES;
				CLANG_WARN_COMMA = YES;
				CLANG_WARN_CONSTANT_CONVERSION = YES;
				CLANG_WARN_DEPRECATED_OBJC_IMPLEMENTATIONS = YES;
				CLANG_WARN_DIRECT_OBJC_ISA_USAGE = YES_ERROR;
				CLANG_WARN_DOCUMENTATION_COMMENTS = YES;
				CLANG_WARN_EMPTY_BODY = YES;
				CLANG_WARN_ENUM_CONVERSION = YES;
				CLANG_WARN_INFINITE_RECURSION = YES;
				CLANG_WARN_INT_CONVERSION = YES;
				CLANG_WARN_NON_LITERAL_NULL_CONVERSION = YES;
				CLANG_WARN_OBJC_IMPLICIT_RETAIN_SELF = YES;
				CLANG_WARN_OBJC_LITERAL_CONVERSION = YES;
				CLANG_WARN_OBJC_ROOT_CLASS = YES_ERROR;
				CLANG_WARN_QUOTED_INCLUDE_IN_FRAMEWORK_HEADER = YES;
				CLANG_WARN_RANGE_LOOP_ANALYSIS = YES;
				CLANG_WARN_STRICT_PROTOTYPES = YES;
				CLANG_WARN_SUSPICIOUS_MOVE = YES;
				CLANG_WARN_UNGUARDED_AVAILABILITY = YES_AGGRESSIVE;
				CLANG_WARN_UNREACHABLE_CODE = YES;
				CLANG_WARN__DUPLICATE_METHOD_MATCH = YES;
				COPY_PHASE_STRIP = NO;
				DEBUG_INFORMATION_FORMAT = "dwarf-with-dsym";
				ENABLE_NS_ASSERTIONS = NO;
				ENABLE_STRICT_OBJC_MSGSEND = YES;
				ENABLE_USER_SCRIPT_SANDBOXING = YES;
				GCC_C_LANGUAGE_STANDARD = gnu17;
				GCC_NO_COMMON_BLOCKS = YES;
				GCC_WARN_64_TO_32_BIT_CONVERSION = YES;
				GCC_WARN_ABOUT_RETURN_TYPE = YES_ERROR;
				GCC_WARN_UNDECLARED_SELECTOR = YES;
				GCC_WARN_UNINITIALIZED_AUTOS = YES_AGGRESSIVE;
				GCC_WARN_UNUSED_FUNCTION = YES;
				GCC_WARN_UNUSED_VARIABLE = YES;
				IPHONEOS_DEPLOYMENT_TARGET = 17.2;
				LOCALIZATION_PREFERS_STRING_CATALOGS = YES;
				MTL_ENABLE_DEBUG_INFO = NO;
				MTL_FAST_MATH = YES;
				SDKROOT = iphoneos;
				SWIFT_COMPILATION_MODE = wholemodule;
				VALIDATE_PRODUCT = YES;
			};
			name = Release;
		};
		2D6013A02B6E073F00380822 /* Debug */ = {
			isa = XCBuildConfiguration;
			buildSettings = {
				ASSETCATALOG_COMPILER_APPICON_NAME = AppIcon;
				ASSETCATALOG_COMPILER_GLOBAL_ACCENT_COLOR_NAME = AccentColor;
				CODE_SIGN_STYLE = Automatic;
				CURRENT_PROJECT_VERSION = 1;
				DEVELOPMENT_ASSET_PATHS = "\"SwiftUIMap/Preview Content\"";
				DEVELOPMENT_TEAM = M662CH3H25;
				ENABLE_PREVIEWS = YES;
				GENERATE_INFOPLIST_FILE = YES;
				INFOPLIST_FILE = SwiftUIMap/Info.plist;
				INFOPLIST_KEY_UIApplicationSceneManifest_Generation = YES;
				INFOPLIST_KEY_UIApplicationSupportsIndirectInputEvents = YES;
				INFOPLIST_KEY_UISupportedInterfaceOrientations = UIInterfaceOrientationPortrait;
				INFOPLIST_KEY_UISupportedInterfaceOrientations_iPad = "UIInterfaceOrientationLandscapeLeft UIInterfaceOrientationLandscapeRight UIInterfaceOrientationPortrait UIInterfaceOrientationPortraitUpsideDown";
				LD_RUNPATH_SEARCH_PATHS = (
					"$(inherited)",
					"@executable_path/Frameworks",
				);
				MARKETING_VERSION = 1.0;
				PRODUCT_BUNDLE_IDENTIFIER = com.learning.SwiftUIMap;
				PRODUCT_NAME = "$(TARGET_NAME)";
				SWIFT_EMIT_LOC_STRINGS = YES;
				SWIFT_VERSION = 5.0;
				TARGETED_DEVICE_FAMILY = "1,2";
			};
			name = Debug;
		};
		2D6013A12B6E073F00380822 /* Release */ = {
			isa = XCBuildConfiguration;
			buildSettings = {
				ASSETCATALOG_COMPILER_APPICON_NAME = AppIcon;
				ASSETCATALOG_COMPILER_GLOBAL_ACCENT_COLOR_NAME = AccentColor;
				CODE_SIGN_STYLE = Automatic;
				CURRENT_PROJECT_VERSION = 1;
				DEVELOPMENT_ASSET_PATHS = "\"SwiftUIMap/Preview Content\"";
				DEVELOPMENT_TEAM = M662CH3H25;
				ENABLE_PREVIEWS = YES;
				GENERATE_INFOPLIST_FILE = YES;
				INFOPLIST_FILE = SwiftUIMap/Info.plist;
				INFOPLIST_KEY_UIApplicationSceneManifest_Generation = YES;
				INFOPLIST_KEY_UIApplicationSupportsIndirectInputEvents = YES;
				INFOPLIST_KEY_UISupportedInterfaceOrientations = UIInterfaceOrientationPortrait;
				INFOPLIST_KEY_UISupportedInterfaceOrientations_iPad = "UIInterfaceOrientationLandscapeLeft UIInterfaceOrientationLandscapeRight UIInterfaceOrientationPortrait UIInterfaceOrientationPortraitUpsideDown";
				LD_RUNPATH_SEARCH_PATHS = (
					"$(inherited)",
					"@executable_path/Frameworks",
				);
				MARKETING_VERSION = 1.0;
				PRODUCT_BUNDLE_IDENTIFIER = com.learning.SwiftUIMap;
				PRODUCT_NAME = "$(TARGET_NAME)";
				SWIFT_EMIT_LOC_STRINGS = YES;
				SWIFT_VERSION = 5.0;
				TARGETED_DEVICE_FAMILY = "1,2";
			};
			name = Release;
		};
/* End XCBuildConfiguration section */

/* Begin XCConfigurationList section */
		2D60138C2B6E073D00380822 /* Build configuration list for PBXProject "SwiftUIMap" */ = {
			isa = XCConfigurationList;
			buildConfigurations = (
				2D60139D2B6E073F00380822 /* Debug */,
				2D60139E2B6E073F00380822 /* Release */,
			);
			defaultConfigurationIsVisible = 0;
			defaultConfigurationName = Release;
		};
		2D60139F2B6E073F00380822 /* Build configuration list for PBXNativeTarget "SwiftUIMap" */ = {
			isa = XCConfigurationList;
			buildConfigurations = (
				2D6013A02B6E073F00380822 /* Debug */,
				2D6013A12B6E073F00380822 /* Release */,
			);
			defaultConfigurationIsVisible = 0;
			defaultConfigurationName = Release;
		};
/* End XCConfigurationList section */
	};
	rootObject = 2D6013892B6E073D00380822 /* Project object */;
}
